
Microsoft Visual Studio Solution File, Format Version 12.00
# Visual Studio 15
VisualStudioVersion = 15.0.28010.2048
MinimumVisualStudioVersion = 10.0.40219.1
Project("{FAE04EC0-301F-11D3-BF4B-00C04F79EFBC}") = "CrabList", "CrabList\CrabList.csproj", "{9B5D25DE-8AFF-4EE8-9EC5-0AE90BCD10C3}"
EndProject
Global
	GlobalSection(SolutionConfigurationPlatforms) = preSolution
		Debug|Any CPU = Debug|Any CPU
		Release|Any CPU = Release|Any CPU
	EndGlobalSection
	GlobalSection(ProjectConfigurationPlatforms) = postSolution
		{9B5D25DE-8AFF-4EE8-9EC5-0AE90BCD10C3}.Debug|Any CPU.ActiveCfg = Debug|Any CPU
		{9B5D25DE-8AFF-4EE8-9EC5-0AE90BCD10C3}.Debug|Any CPU.Build.0 = Debug|Any CPU
		{9B5D25DE-8AFF-4EE8-9EC5-0AE90BCD10C3}.Release|Any CPU.ActiveCfg = Release|Any CPU
		{9B5D25DE-8AFF-4EE8-9EC5-0AE90BCD10C3}.Release|Any CPU.Build.0 = Release|Any CPU
	EndGlobalSection
	GlobalSection(SolutionProperties) = preSolution
		HideSolutionNode = FALSE
	EndGlobalSection
	GlobalSection(ExtensibilityGlobals) = postSolution
		SolutionGuid = {0D99BE14-79AE-4338-9533-54AF986B88B0}
	EndGlobalSection
EndGlobal
