
Microsoft Visual Studio Solution File, Format Version 12.00
# Visual Studio 15
VisualStudioVersion = 15.0.28010.2048
MinimumVisualStudioVersion = 10.0.40219.1
Project("{FAE04EC0-301F-11D3-BF4B-00C04F79EFBC}") = "CrabStudent", "CrabStudent\CrabStudent.csproj", "{135E3002-98DA-4B59-A049-DC8154751C4D}"
EndProject
Global
	GlobalSection(SolutionConfigurationPlatforms) = preSolution
		Debug|Any CPU = Debug|Any CPU
		Release|Any CPU = Release|Any CPU
	EndGlobalSection
	GlobalSection(ProjectConfigurationPlatforms) = postSolution
		{135E3002-98DA-4B59-A049-DC8154751C4D}.Debug|Any CPU.ActiveCfg = Debug|Any CPU
		{135E3002-98DA-4B59-A049-DC8154751C4D}.Debug|Any CPU.Build.0 = Debug|Any CPU
		{135E3002-98DA-4B59-A049-DC8154751C4D}.Release|Any CPU.ActiveCfg = Release|Any CPU
		{135E3002-98DA-4B59-A049-DC8154751C4D}.Release|Any CPU.Build.0 = Release|Any CPU
	EndGlobalSection
	GlobalSection(SolutionProperties) = preSolution
		HideSolutionNode = FALSE
	EndGlobalSection
	GlobalSection(ExtensibilityGlobals) = postSolution
		SolutionGuid = {61C7E71C-997C-4A84-B58B-8DDCEB9ACE0D}
	EndGlobalSection
EndGlobal
